
Microsoft Visual Studio Solution File, Format Version 12.00
# Visual Studio Version 17
VisualStudioVersion = 17.0.31903.59
MinimumVisualStudioVersion = 10.0.40219.1
Project("{2150E333-8FDC-42A3-9474-1A3956D46DE8}") = "Services", "Services", "{02EA681E-C7D8-13C7-8484-4AC65E1B71E8}"
EndProject
Project("{2150E333-8FDC-42A3-9474-1A3956D46DE8}") = "Core", "Core", "{7029D824-7333-48E6-8F71-3689C2CCC939}"
EndProject
Project("{2150E333-8FDC-42A3-9474-1A3956D46DE8}") = "Tests", "Tests", "{040F9023-00FD-4551-8771-B53417F755D7}"
EndProject
Project("{2150E333-8FDC-42A3-9474-1A3956D46DE8}") = "GestaoAlunos", "GestaoAlunos", "{5403A997-AADE-4827-98CA-E43AAEEFA092}"
EndProject
Project("{2150E333-8FDC-42A3-9474-1A3956D46DE8}") = "GestaoConteudo", "GestaoConteudo", "{1FCB3B89-FFEF-4636-A6B3-B44F7AF2154C}"
EndProject
Project("{2150E333-8FDC-42A3-9474-1A3956D46DE8}") = "PagamentoFaturamento", "PagamentoFaturamento", "{A170E80D-5788-4ACB-BAAF-6C182A54524B}"
EndProject
Project("{FAE04EC0-301F-11D3-BF4B-00C04F79EFBC}") = "XpertEducation.GestaoConteudo.Domain", "src\XpertEducation.GestaoConteudo.Domain\XpertEducation.GestaoConteudo.Domain.csproj", "{815D681E-3B47-4C84-8AB5-ED4668C64CEE}"
EndProject
Project("{FAE04EC0-301F-11D3-BF4B-00C04F79EFBC}") = "XpertEducation.Core", "src\XpertEducation.Core\XpertEducation.Core.csproj", "{5C0069DE-E457-4C47-9DD4-8A21AD86F579}"
EndProject
Project("{FAE04EC0-301F-11D3-BF4B-00C04F79EFBC}") = "XpertEducation.GestaoAlunos.Domain", "src\XpertEducation.GestaoAlunos.Domain\XpertEducation.GestaoAlunos.Domain.csproj", "{11A18CF9-9C29-4D63-B7C0-A4B835A09C7E}"
EndProject
Project("{FAE04EC0-301F-11D3-BF4B-00C04F79EFBC}") = "XpertEducation.PagamentoFaturamento.Domain", "src\XpertEducation.PagamentoFaturamento.Domain\XpertEducation.PagamentoFaturamento.Domain.csproj", "{0E10FBC5-C9AF-42D1-BF21-7139A062C8CA}"
EndProject
Project("{FAE04EC0-301F-11D3-BF4B-00C04F79EFBC}") = "XpertEducation.GestaoAlunos.Domain.Tests", "tests\XpertEducation.GestaoAlunos.Domain.Tests\XpertEducation.GestaoAlunos.Domain.Tests.csproj", "{F136B7B6-57EC-4343-A41A-7C440BA9D6EC}"
EndProject
Project("{2150E333-8FDC-42A3-9474-1A3956D46DE8}") = "Tests", "Tests", "{7AFD49C1-16DD-4E81-9635-76C43894798B}"
EndProject
Project("{FAE04EC0-301F-11D3-BF4B-00C04F79EFBC}") = "XpertEducation.GestaoConteudo.Domain.Tests", "tests\XpertEducation.GestaoConteudo.Domain.Tests\XpertEducation.GestaoConteudo.Domain.Tests.csproj", "{4CFD69D6-48D4-40C3-B4E2-F24A883BC6B8}"
EndProject
Project("{2150E333-8FDC-42A3-9474-1A3956D46DE8}") = "Tests", "Tests", "{5AD8577F-CEEB-4EE6-A4A1-E66EFDEB884B}"
EndProject
Project("{FAE04EC0-301F-11D3-BF4B-00C04F79EFBC}") = "XpertEducation.PagamentoFaturamento.Domain", "tests\XpertEducation.PagamentoFaturamento.Domain\XpertEducation.PagamentoFaturamento.Domain.csproj", "{514D3FBD-B3F7-4DAD-B277-BC6837D8C1D1}"
EndProject
Project("{FAE04EC0-301F-11D3-BF4B-00C04F79EFBC}") = "XpertEducation.GestaoConteudo.Data", "src\XpertEducation.GestaoConteudo.Data\XpertEducation.GestaoConteudo.Data.csproj", "{7FB34693-7029-4177-93AC-5D6309A80B3A}"
EndProject
Global
	GlobalSection(SolutionConfigurationPlatforms) = preSolution
		Debug|Any CPU = Debug|Any CPU
		Release|Any CPU = Release|Any CPU
	EndGlobalSection
	GlobalSection(ProjectConfigurationPlatforms) = postSolution
		{815D681E-3B47-4C84-8AB5-ED4668C64CEE}.Debug|Any CPU.ActiveCfg = Debug|Any CPU
		{815D681E-3B47-4C84-8AB5-ED4668C64CEE}.Debug|Any CPU.Build.0 = Debug|Any CPU
		{815D681E-3B47-4C84-8AB5-ED4668C64CEE}.Release|Any CPU.ActiveCfg = Release|Any CPU
		{815D681E-3B47-4C84-8AB5-ED4668C64CEE}.Release|Any CPU.Build.0 = Release|Any CPU
		{5C0069DE-E457-4C47-9DD4-8A21AD86F579}.Debug|Any CPU.ActiveCfg = Debug|Any CPU
		{5C0069DE-E457-4C47-9DD4-8A21AD86F579}.Debug|Any CPU.Build.0 = Debug|Any CPU
		{5C0069DE-E457-4C47-9DD4-8A21AD86F579}.Release|Any CPU.ActiveCfg = Release|Any CPU
		{5C0069DE-E457-4C47-9DD4-8A21AD86F579}.Release|Any CPU.Build.0 = Release|Any CPU
		{11A18CF9-9C29-4D63-B7C0-A4B835A09C7E}.Debug|Any CPU.ActiveCfg = Debug|Any CPU
		{11A18CF9-9C29-4D63-B7C0-A4B835A09C7E}.Debug|Any CPU.Build.0 = Debug|Any CPU
		{11A18CF9-9C29-4D63-B7C0-A4B835A09C7E}.Release|Any CPU.ActiveCfg = Release|Any CPU
		{11A18CF9-9C29-4D63-B7C0-A4B835A09C7E}.Release|Any CPU.Build.0 = Release|Any CPU
		{0E10FBC5-C9AF-42D1-BF21-7139A062C8CA}.Debug|Any CPU.ActiveCfg = Debug|Any CPU
		{0E10FBC5-C9AF-42D1-BF21-7139A062C8CA}.Debug|Any CPU.Build.0 = Debug|Any CPU
		{0E10FBC5-C9AF-42D1-BF21-7139A062C8CA}.Release|Any CPU.ActiveCfg = Release|Any CPU
		{0E10FBC5-C9AF-42D1-BF21-7139A062C8CA}.Release|Any CPU.Build.0 = Release|Any CPU
		{F136B7B6-57EC-4343-A41A-7C440BA9D6EC}.Debug|Any CPU.ActiveCfg = Debug|Any CPU
		{F136B7B6-57EC-4343-A41A-7C440BA9D6EC}.Debug|Any CPU.Build.0 = Debug|Any CPU
		{F136B7B6-57EC-4343-A41A-7C440BA9D6EC}.Release|Any CPU.ActiveCfg = Release|Any CPU
		{F136B7B6-57EC-4343-A41A-7C440BA9D6EC}.Release|Any CPU.Build.0 = Release|Any CPU
		{4CFD69D6-48D4-40C3-B4E2-F24A883BC6B8}.Debug|Any CPU.ActiveCfg = Debug|Any CPU
		{4CFD69D6-48D4-40C3-B4E2-F24A883BC6B8}.Debug|Any CPU.Build.0 = Debug|Any CPU
		{4CFD69D6-48D4-40C3-B4E2-F24A883BC6B8}.Release|Any CPU.ActiveCfg = Release|Any CPU
		{4CFD69D6-48D4-40C3-B4E2-F24A883BC6B8}.Release|Any CPU.Build.0 = Release|Any CPU
		{514D3FBD-B3F7-4DAD-B277-BC6837D8C1D1}.Debug|Any CPU.ActiveCfg = Debug|Any CPU
		{514D3FBD-B3F7-4DAD-B277-BC6837D8C1D1}.Debug|Any CPU.Build.0 = Debug|Any CPU
		{514D3FBD-B3F7-4DAD-B277-BC6837D8C1D1}.Release|Any CPU.ActiveCfg = Release|Any CPU
		{514D3FBD-B3F7-4DAD-B277-BC6837D8C1D1}.Release|Any CPU.Build.0 = Release|Any CPU
		{7FB34693-7029-4177-93AC-5D6309A80B3A}.Debug|Any CPU.ActiveCfg = Debug|Any CPU
		{7FB34693-7029-4177-93AC-5D6309A80B3A}.Debug|Any CPU.Build.0 = Debug|Any CPU
		{7FB34693-7029-4177-93AC-5D6309A80B3A}.Release|Any CPU.ActiveCfg = Release|Any CPU
		{7FB34693-7029-4177-93AC-5D6309A80B3A}.Release|Any CPU.Build.0 = Release|Any CPU
	EndGlobalSection
	GlobalSection(SolutionProperties) = preSolution
		HideSolutionNode = FALSE
	EndGlobalSection
	GlobalSection(NestedProjects) = preSolution
		{7029D824-7333-48E6-8F71-3689C2CCC939} = {02EA681E-C7D8-13C7-8484-4AC65E1B71E8}
		{040F9023-00FD-4551-8771-B53417F755D7} = {5403A997-AADE-4827-98CA-E43AAEEFA092}
		{5403A997-AADE-4827-98CA-E43AAEEFA092} = {02EA681E-C7D8-13C7-8484-4AC65E1B71E8}
		{1FCB3B89-FFEF-4636-A6B3-B44F7AF2154C} = {02EA681E-C7D8-13C7-8484-4AC65E1B71E8}
		{A170E80D-5788-4ACB-BAAF-6C182A54524B} = {02EA681E-C7D8-13C7-8484-4AC65E1B71E8}
		{815D681E-3B47-4C84-8AB5-ED4668C64CEE} = {1FCB3B89-FFEF-4636-A6B3-B44F7AF2154C}
		{5C0069DE-E457-4C47-9DD4-8A21AD86F579} = {7029D824-7333-48E6-8F71-3689C2CCC939}
		{11A18CF9-9C29-4D63-B7C0-A4B835A09C7E} = {5403A997-AADE-4827-98CA-E43AAEEFA092}
		{0E10FBC5-C9AF-42D1-BF21-7139A062C8CA} = {A170E80D-5788-4ACB-BAAF-6C182A54524B}
		{F136B7B6-57EC-4343-A41A-7C440BA9D6EC} = {040F9023-00FD-4551-8771-B53417F755D7}
		{7AFD49C1-16DD-4E81-9635-76C43894798B} = {1FCB3B89-FFEF-4636-A6B3-B44F7AF2154C}
		{4CFD69D6-48D4-40C3-B4E2-F24A883BC6B8} = {7AFD49C1-16DD-4E81-9635-76C43894798B}
		{5AD8577F-CEEB-4EE6-A4A1-E66EFDEB884B} = {A170E80D-5788-4ACB-BAAF-6C182A54524B}
		{514D3FBD-B3F7-4DAD-B277-BC6837D8C1D1} = {5AD8577F-CEEB-4EE6-A4A1-E66EFDEB884B}
		{7FB34693-7029-4177-93AC-5D6309A80B3A} = {1FCB3B89-FFEF-4636-A6B3-B44F7AF2154C}
	EndGlobalSection
	GlobalSection(ExtensibilityGlobals) = postSolution
		SolutionGuid = {5A9DC02D-FD30-4459-9649-952C65FF7216}
	EndGlobalSection
EndGlobal
